// !$*UTF8*$!
{
	archiveVersion = 1;
	classes = {
	};
	objectVersion = 46;
	objects = {

/* Begin PBXBuildFile section */
		49D948F41B8F19AC00A0121E /* main.m in Sources */ = {isa = PBXBuildFile; fileRef = 49D948F31B8F19AC00A0121E /* main.m */; };
		49D948F71B8F19AC00A0121E /* AppDelegate.m in Sources */ = {isa = PBXBuildFile; fileRef = 49D948F61B8F19AC00A0121E /* AppDelegate.m */; };
		49D948FA1B8F19AC00A0121E /* ViewController.m in Sources */ = {isa = PBXBuildFile; fileRef = 49D948F91B8F19AC00A0121E /* ViewController.m */; };
		49D948FD1B8F19AC00A0121E /* Main.storyboard in Resources */ = {isa = PBXBuildFile; fileRef = 49D948FB1B8F19AC00A0121E /* Main.storyboard */; };
		49D948FF1B8F19AC00A0121E /* Images.xcassets in Resources */ = {isa = PBXBuildFile; fileRef = 49D948FE1B8F19AC00A0121E /* Images.xcassets */; };
		49D949021B8F19AC00A0121E /* LaunchScreen.xib in Resources */ = {isa = PBXBuildFile; fileRef = 49D949001B8F19AC00A0121E /* LaunchScreen.xib */; };
		49D9490E1B8F19AC00A0121E /* DrawingBoardTests.m in Sources */ = {isa = PBXBuildFile; fileRef = 49D9490D1B8F19AC00A0121E /* DrawingBoardTests.m */; };
		49D949191B8F23A200A0121E /* PaintbrushModel.m in Sources */ = {isa = PBXBuildFile; fileRef = 49D949181B8F23A200A0121E /* PaintbrushModel.m */; };
		49D9491F1B8F2BEC00A0121E /* DrawView.m in Sources */ = {isa = PBXBuildFile; fileRef = 49D9491E1B8F2BEC00A0121E /* DrawView.m */; };
		49E9FB221B998695002631C3 /* Property List.plist in Resources */ = {isa = PBXBuildFile; fileRef = 49E9FB211B998695002631C3 /* Property List.plist */; };
/* End PBXBuildFile section */

/* Begin PBXContainerItemProxy section */
		49D949081B8F19AC00A0121E /* PBXContainerItemProxy */ = {
			isa = PBXContainerItemProxy;
			containerPortal = 49D948E61B8F19AC00A0121E /* Project object */;
			proxyType = 1;
			remoteGlobalIDString = 49D948ED1B8F19AC00A0121E;
			remoteInfo = DrawingBoard;
		};
/* End PBXContainerItemProxy section */

/* Begin PBXFileReference section */
		49D948EE1B8F19AC00A0121E /* DrawingBoard.app */ = {isa = PBXFileReference; explicitFileType = wrapper.application; includeInIndex = 0; path = DrawingBoard.app; sourceTree = BUILT_PRODUCTS_DIR; };
		49D948F21B8F19AC00A0121E /* Info.plist */ = {isa = PBXFileReference; lastKnownFileType = text.plist.xml; path = Info.plist; sourceTree = "<group>"; };
		49D948F31B8F19AC00A0121E /* main.m */ = {isa = PBXFileReference; lastKnownFileType = sourcecode.c.objc; path = main.m; sourceTree = "<group>"; };
		49D948F51B8F19AC00A0121E /* AppDelegate.h */ = {isa = PBXFileReference; lastKnownFileType = sourcecode.c.h; path = AppDelegate.h; sourceTree = "<group>"; };
		49D948F61B8F19AC00A0121E /* AppDelegate.m */ = {isa = PBXFileReference; lastKnownFileType = sourcecode.c.objc; path = AppDelegate.m; sourceTree = "<group>"; };
		49D948F81B8F19AC00A0121E /* ViewController.h */ = {isa = PBXFileReference; lastKnownFileType = sourcecode.c.h; path = ViewController.h; sourceTree = "<group>"; };
		49D948F91B8F19AC00A0121E /* ViewController.m */ = {isa = PBXFileReference; lastKnownFileType = sourcecode.c.objc; path = ViewController.m; sourceTree = "<group>"; };
		49D948FC1B8F19AC00A0121E /* Base */ = {isa = PBXFileReference; lastKnownFileType = file.storyboard; name = Base; path = Base.lproj/Main.storyboard; sourceTree = "<group>"; };
		49D948FE1B8F19AC00A0121E /* Images.xcassets */ = {isa = PBXFileReference; lastKnownFileType = folder.assetcatalog; path = Images.xcassets; sourceTree = "<group>"; };
		49D949011B8F19AC00A0121E /* Base */ = {isa = PBXFileReference; lastKnownFileType = file.xib; name = Base; path = Base.lproj/LaunchScreen.xib; sourceTree = "<group>"; };
		49D949071B8F19AC00A0121E /* DrawingBoardTests.xctest */ = {isa = PBXFileReference; explicitFileType = wrapper.cfbundle; includeInIndex = 0; path = DrawingBoardTests.xctest; sourceTree = BUILT_PRODUCTS_DIR; };
		49D9490C1B8F19AC00A0121E /* Info.plist */ = {isa = PBXFileReference; lastKnownFileType = text.plist.xml; path = Info.plist; sourceTree = "<group>"; };
		49D9490D1B8F19AC00A0121E /* DrawingBoardTests.m */ = {isa = PBXFileReference; lastKnownFileType = sourcecode.c.objc; path = DrawingBoardTests.m; sourceTree = "<group>"; };
		49D949171B8F23A200A0121E /* PaintbrushModel.h */ = {isa = PBXFileReference; fileEncoding = 4; lastKnownFileType = sourcecode.c.h; path = PaintbrushModel.h; sourceTree = "<group>"; };
		49D949181B8F23A200A0121E /* PaintbrushModel.m */ = {isa = PBXFileReference; fileEncoding = 4; lastKnownFileType = sourcecode.c.objc; path = PaintbrushModel.m; sourceTree = "<group>"; };
		49D9491D1B8F2BEC00A0121E /* DrawView.h */ = {isa = PBXFileReference; fileEncoding = 4; lastKnownFileType = sourcecode.c.h; path = DrawView.h; sourceTree = "<group>"; };
		49D9491E1B8F2BEC00A0121E /* DrawView.m */ = {isa = PBXFileReference; fileEncoding = 4; lastKnownFileType = sourcecode.c.objc; path = DrawView.m; sourceTree = "<group>"; };
		49E9FB211B998695002631C3 /* Property List.plist */ = {isa = PBXFileReference; fileEncoding = 4; lastKnownFileType = text.plist.xml; path = "Property List.plist"; sourceTree = "<group>"; };
/* End PBXFileReference section */

/* Begin PBXFrameworksBuildPhase section */
		49D948EB1B8F19AC00A0121E /* Frameworks */ = {
			isa = PBXFrameworksBuildPhase;
			buildActionMask = 2147483647;
			files = (
			);
			runOnlyForDeploymentPostprocessing = 0;
		};
		49D949041B8F19AC00A0121E /* Frameworks */ = {
			isa = PBXFrameworksBuildPhase;
			buildActionMask = 2147483647;
			files = (
			);
			runOnlyForDeploymentPostprocessing = 0;
		};
/* End PBXFrameworksBuildPhase section */

/* Begin PBXGroup section */
		49D948E51B8F19AC00A0121E = {
			isa = PBXGroup;
			children = (
				49D948F01B8F19AC00A0121E /* DrawingBoard */,
				49D9490A1B8F19AC00A0121E /* DrawingBoardTests */,
				49D948EF1B8F19AC00A0121E /* Products */,
			);
			sourceTree = "<group>";
		};
		49D948EF1B8F19AC00A0121E /* Products */ = {
			isa = PBXGroup;
			children = (
				49D948EE1B8F19AC00A0121E /* DrawingBoard.app */,
				49D949071B8F19AC00A0121E /* DrawingBoardTests.xctest */,
			);
			name = Products;
			sourceTree = "<group>";
		};
		49D948F01B8F19AC00A0121E /* DrawingBoard */ = {
			isa = PBXGroup;
			children = (
				49D948F51B8F19AC00A0121E /* AppDelegate.h */,
				49D948F61B8F19AC00A0121E /* AppDelegate.m */,
				49D948F81B8F19AC00A0121E /* ViewController.h */,
				49D948F91B8F19AC00A0121E /* ViewController.m */,
				49E9FB211B998695002631C3 /* Property List.plist */,
				49D949171B8F23A200A0121E /* PaintbrushModel.h */,
				49D949181B8F23A200A0121E /* PaintbrushModel.m */,
				49D9491D1B8F2BEC00A0121E /* DrawView.h */,
				49D9491E1B8F2BEC00A0121E /* DrawView.m */,
				49D948FB1B8F19AC00A0121E /* Main.storyboard */,
				49D948FE1B8F19AC00A0121E /* Images.xcassets */,
				49D949001B8F19AC00A0121E /* LaunchScreen.xib */,
				49D948F11B8F19AC00A0121E /* Supporting Files */,
			);
			path = DrawingBoard;
			sourceTree = "<group>";
		};
		49D948F11B8F19AC00A0121E /* Supporting Files */ = {
			isa = PBXGroup;
			children = (
				49D948F21B8F19AC00A0121E /* Info.plist */,
				49D948F31B8F19AC00A0121E /* main.m */,
			);
			name = "Supporting Files";
			sourceTree = "<group>";
		};
		49D9490A1B8F19AC00A0121E /* DrawingBoardTests */ = {
			isa = PBXGroup;
			children = (
				49D9490D1B8F19AC00A0121E /* DrawingBoardTests.m */,
				49D9490B1B8F19AC00A0121E /* Supporting Files */,
			);
			path = DrawingBoardTests;
			sourceTree = "<group>";
		};
		49D9490B1B8F19AC00A0121E /* Supporting Files */ = {
			isa = PBXGroup;
			children = (
				49D9490C1B8F19AC00A0121E /* Info.plist */,
			);
			name = "Supporting Files";
			sourceTree = "<group>";
		};
/* End PBXGroup section */

/* Begin PBXNativeTarget section */
		49D948ED1B8F19AC00A0121E /* DrawingBoard */ = {
			isa = PBXNativeTarget;
			buildConfigurationList = 49D949111B8F19AC00A0121E /* Build configuration list for PBXNativeTarget "DrawingBoard" */;
			buildPhases = (
				49D948EA1B8F19AC00A0121E /* Sources */,
				49D948EB1B8F19AC00A0121E /* Frameworks */,
				49D948EC1B8F19AC00A0121E /* Resources */,
			);
			buildRules = (
			);
			dependencies = (
			);
			name = DrawingBoard;
			productName = DrawingBoard;
			productReference = 49D948EE1B8F19AC00A0121E /* DrawingBoard.app */;
			productType = "com.apple.product-type.application";
		};
		49D949061B8F19AC00A0121E /* DrawingBoardTests */ = {
			isa = PBXNativeTarget;
			buildConfigurationList = 49D949141B8F19AC00A0121E /* Build configuration list for PBXNativeTarget "DrawingBoardTests" */;
			buildPhases = (
				49D949031B8F19AC00A0121E /* Sources */,
				49D949041B8F19AC00A0121E /* Frameworks */,
				49D949051B8F19AC00A0121E /* Resources */,
			);
			buildRules = (
			);
			dependencies = (
				49D949091B8F19AC00A0121E /* PBXTargetDependency */,
			);
			name = DrawingBoardTests;
			productName = DrawingBoardTests;
			productReference = 49D949071B8F19AC00A0121E /* DrawingBoardTests.xctest */;
			productType = "com.apple.product-type.bundle.unit-test";
		};
/* End PBXNativeTarget section */

/* Begin PBXProject section */
		49D948E61B8F19AC00A0121E /* Project object */ = {
			isa = PBXProject;
			attributes = {
				LastUpgradeCheck = 0640;
				ORGANIZATIONNAME = Utopia;
				TargetAttributes = {
					49D948ED1B8F19AC00A0121E = {
						CreatedOnToolsVersion = 6.4;
					};
					49D949061B8F19AC00A0121E = {
						CreatedOnToolsVersion = 6.4;
						TestTargetID = 49D948ED1B8F19AC00A0121E;
					};
				};
			};
			buildConfigurationList = 49D948E91B8F19AC00A0121E /* Build configuration list for PBXProject "DrawingBoard" */;
			compatibilityVersion = "Xcode 3.2";
			developmentRegion = English;
			hasScannedForEncodings = 0;
			knownRegions = (
				en,
				Base,
			);
			mainGroup = 49D948E51B8F19AC00A0121E;
			productRefGroup = 49D948EF1B8F19AC00A0121E /* Products */;
			projectDirPath = "";
			projectRoot = "";
			targets = (
				49D948ED1B8F19AC00A0121E /* DrawingBoard */,
				49D949061B8F19AC00A0121E /* DrawingBoardTests */,
			);
		};
/* End PBXProject section */

/* Begin PBXResourcesBuildPhase section */
		49D948EC1B8F19AC00A0121E /* Resources */ = {
			isa = PBXResourcesBuildPhase;
			buildActionMask = 2147483647;
			files = (
				49D948FD1B8F19AC00A0121E /* Main.storyboard in Resources */,
				49D949021B8F19AC00A0121E /* LaunchScreen.xib in Resources */,
				49E9FB221B998695002631C3 /* Property List.plist in Resources */,
				49D948FF1B8F19AC00A0121E /* Images.xcassets in Resources */,
			);
			runOnlyForDeploymentPostprocessing = 0;
		};
		49D949051B8F19AC00A0121E /* Resources */ = {
			isa = PBXResourcesBuildPhase;
			buildActionMask = 2147483647;
			files = (
			);
			runOnlyForDeploymentPostprocessing = 0;
		};
/* End PBXResourcesBuildPhase section */

/* Begin PBXSourcesBuildPhase section */
		49D948EA1B8F19AC00A0121E /* Sources */ = {
			isa = PBXSourcesBuildPhase;
			buildActionMask = 2147483647;
			files = (
				49D948FA1B8F19AC00A0121E /* ViewController.m in Sources */,
				49D948F71B8F19AC00A0121E /* AppDelegate.m in Sources */,
				49D948F41B8F19AC00A0121E /* main.m in Sources */,
				49D949191B8F23A200A0121E /* PaintbrushModel.m in Sources */,
				49D9491F1B8F2BEC00A0121E /* DrawView.m in Sources */,
			);
			runOnlyForDeploymentPostprocessing = 0;
		};
		49D949031B8F19AC00A0121E /* Sources */ = {
			isa = PBXSourcesBuildPhase;
			buildActionMask = 2147483647;
			files = (
				49D9490E1B8F19AC00A0121E /* DrawingBoardTests.m in Sources */,
			);
			runOnlyForDeploymentPostprocessing = 0;
		};
/* End PBXSourcesBuildPhase section */

/* Begin PBXTargetDependency section */
		49D949091B8F19AC00A0121E /* PBXTargetDependency */ = {
			isa = PBXTargetDependency;
			target = 49D948ED1B8F19AC00A0121E /* DrawingBoard */;
			targetProxy = 49D949081B8F19AC00A0121E /* PBXContainerItemProxy */;
		};
/* End PBXTargetDependency section */

/* Begin PBXVariantGroup section */
		49D948FB1B8F19AC00A0121E /* Main.storyboard */ = {
			isa = PBXVariantGroup;
			children = (
				49D948FC1B8F19AC00A0121E /* Base */,
			);
			name = Main.storyboard;
			sourceTree = "<group>";
		};
		49D949001B8F19AC00A0121E /* LaunchScreen.xib */ = {
			isa = PBXVariantGroup;
			children = (
				49D949011B8F19AC00A0121E /* Base */,
			);
			name = LaunchScreen.xib;
			sourceTree = "<group>";
		};
/* End PBXVariantGroup section */

/* Begin XCBuildConfiguration section */
		49D9490F1B8F19AC00A0121E /* Debug */ = {
			isa = XCBuildConfiguration;
			buildSettings = {
				ALWAYS_SEARCH_USER_PATHS = NO;
				CLANG_CXX_LANGUAGE_STANDARD = "gnu++0x";
				CLANG_CXX_LIBRARY = "libc++";
				CLANG_ENABLE_MODULES = YES;
				CLANG_ENABLE_OBJC_ARC = YES;
				CLANG_WARN_BOOL_CONVERSION = YES;
				CLANG_WARN_CONSTANT_CONVERSION = YES;
				CLANG_WARN_DIRECT_OBJC_ISA_USAGE = YES_ERROR;
				CLANG_WARN_EMPTY_BODY = YES;
				CLANG_WARN_ENUM_CONVERSION = YES;
				CLANG_WARN_INT_CONVERSION = YES;
				CLANG_WARN_OBJC_ROOT_CLASS = YES_ERROR;
				CLANG_WARN_UNREACHABLE_CODE = YES;
				CLANG_WARN__DUPLICATE_METHOD_MATCH = YES;
				"CODE_SIGN_IDENTITY[sdk=iphoneos*]" = "iPhone Developer";
				COPY_PHASE_STRIP = NO;
				DEBUG_INFORMATION_FORMAT = "dwarf-with-dsym";
				ENABLE_STRICT_OBJC_MSGSEND = YES;
				GCC_C_LANGUAGE_STANDARD = gnu99;
				GCC_DYNAMIC_NO_PIC = NO;
				GCC_NO_COMMON_BLOCKS = YES;
				GCC_OPTIMIZATION_LEVEL = 0;
				GCC_PREPROCESSOR_DEFINITIONS = (
					"DEBUG=1",
					"$(inherited)",
				);
				GCC_SYMBOLS_PRIVATE_EXTERN = NO;
				GCC_WARN_64_TO_32_BIT_CONVERSION = YES;
				GCC_WARN_ABOUT_RETURN_TYPE = YES_ERROR;
				GCC_WARN_UNDECLARED_SELECTOR = YES;
				GCC_WARN_UNINITIALIZED_AUTOS = YES_AGGRESSIVE;
				GCC_WARN_UNUSED_FUNCTION = YES;
				GCC_WARN_UNUSED_VARIABLE = YES;
				IPHONEOS_DEPLOYMENT_TARGET = 8.4;
				MTL_ENABLE_DEBUG_INFO = YES;
				ONLY_ACTIVE_ARCH = YES;
				SDKROOT = iphoneos;
				TARGETED_DEVICE_FAMILY = "1,2";
			};
			name = Debug;
		};
		49D949101B8F19AC00A0121E /* Release */ = {
			isa = XCBuildConfiguration;
			buildSettings = {
				ALWAYS_SEARCH_USER_PATHS = NO;
				CLANG_CXX_LANGUAGE_STANDARD = "gnu++0x";
				CLANG_CXX_LIBRARY = "libc++";
				CLANG_ENABLE_MODULES = YES;
				CLANG_ENABLE_OBJC_ARC = YES;
				CLANG_WARN_BOOL_CONVERSION = YES;
				CLANG_WARN_CONSTANT_CONVERSION = YES;
				CLANG_WARN_DIRECT_OBJC_ISA_USAGE = YES_ERROR;
				CLANG_WARN_EMPTY_BODY = YES;
				CLANG_WARN_ENUM_CONVERSION = YES;
				CLANG_WARN_INT_CONVERSION = YES;
				CLANG_WARN_OBJC_ROOT_CLASS = YES_ERROR;
				CLANG_WARN_UNREACHABLE_CODE = YES;
				CLANG_WARN__DUPLICATE_METHOD_MATCH = YES;
				"CODE_SIGN_IDENTITY[sdk=iphoneos*]" = "iPhone Developer";
				COPY_PHASE_STRIP = NO;
				DEBUG_INFORMATION_FORMAT = "dwarf-with-dsym";
				ENABLE_NS_ASSERTIONS = NO;
				ENABLE_STRICT_OBJC_MSGSEND = YES;
				GCC_C_LANGUAGE_STANDARD = gnu99;
				GCC_NO_COMMON_BLOCKS = YES;
				GCC_WARN_64_TO_32_BIT_CONVERSION = YES;
				GCC_WARN_ABOUT_RETURN_TYPE = YES_ERROR;
				GCC_WARN_UNDECLARED_SELECTOR = YES;
				GCC_WARN_UNINITIALIZED_AUTOS = YES_AGGRESSIVE;
				GCC_WARN_UNUSED_FUNCTION = YES;
				GCC_WARN_UNUSED_VARIABLE = YES;
				IPHONEOS_DEPLOYMENT_TARGET = 8.4;
				MTL_ENABLE_DEBUG_INFO = NO;
				SDKROOT = iphoneos;
				TARGETED_DEVICE_FAMILY = "1,2";
				VALIDATE_PRODUCT = YES;
			};
			name = Release;
		};
		49D949121B8F19AC00A0121E /* Debug */ = {
			isa = XCBuildConfiguration;
			buildSettings = {
				ASSETCATALOG_COMPILER_APPICON_NAME = AppIcon;
				INFOPLIST_FILE = DrawingBoard/Info.plist;
				LD_RUNPATH_SEARCH_PATHS = "$(inherited) @executable_path/Frameworks";
				PRODUCT_NAME = "$(TARGET_NAME)";
			};
			name = Debug;
		};
		49D949131B8F19AC00A0121E /* Release */ = {
			isa = XCBuildConfiguration;
			buildSettings = {
				ASSETCATALOG_COMPILER_APPICON_NAME = AppIcon;
				INFOPLIST_FILE = DrawingBoard/Info.plist;
				LD_RUNPATH_SEARCH_PATHS = "$(inherited) @executable_path/Frameworks";
				PRODUCT_NAME = "$(TARGET_NAME)";
			};
			name = Release;
		};
		49D949151B8F19AC00A0121E /* Debug */ = {
			isa = XCBuildConfiguration;
			buildSettings = {
				BUNDLE_LOADER = "$(TEST_HOST)";
				FRAMEWORK_SEARCH_PATHS = (
					"$(SDKROOT)/Developer/Library/Frameworks",
					"$(inherited)",
				);
				GCC_PREPROCESSOR_DEFINITIONS = (
					"DEBUG=1",
					"$(inherited)",
				);
				INFOPLIST_FILE = DrawingBoardTests/Info.plist;
				LD_RUNPATH_SEARCH_PATHS = "$(inherited) @executable_path/Frameworks @loader_path/Frameworks";
				PRODUCT_NAME = "$(TARGET_NAME)";
				TEST_HOST = "$(BUILT_PRODUCTS_DIR)/DrawingBoard.app/DrawingBoard";
			};
			name = Debug;
		};
		49D949161B8F19AC00A0121E /* Release */ = {
			isa = XCBuildConfiguration;
			buildSettings = {
				BUNDLE_LOADER = "$(TEST_HOST)";
				FRAMEWORK_SEARCH_PATHS = (
					"$(SDKROOT)/Developer/Library/Frameworks",
					"$(inherited)",
				);
				INFOPLIST_FILE = DrawingBoardTests/Info.plist;
				LD_RUNPATH_SEARCH_PATHS = "$(inherited) @executable_path/Frameworks @loader_path/Frameworks";
				PRODUCT_NAME = "$(TARGET_NAME)";
				TEST_HOST = "$(BUILT_PRODUCTS_DIR)/DrawingBoard.app/DrawingBoard";
			};
			name = Release;
		};
/* End XCBuildConfiguration section */

/* Begin XCConfigurationList section */
		49D948E91B8F19AC00A0121E /* Build configuration list for PBXProject "DrawingBoard" */ = {
			isa = XCConfigurationList;
			buildConfigurations = (
				49D9490F1B8F19AC00A0121E /* Debug */,
				49D949101B8F19AC00A0121E /* Release */,
			);
			defaultConfigurationIsVisible = 0;
			defaultConfigurationName = Release;
		};
		49D949111B8F19AC00A0121E /* Build configuration list for PBXNativeTarget "DrawingBoard" */ = {
			isa = XCConfigurationList;
			buildConfigurations = (
				49D949121B8F19AC00A0121E /* Debug */,
				49D949131B8F19AC00A0121E /* Release */,
			);
			defaultConfigurationIsVisible = 0;
			defaultConfigurationName = Release;
		};
		49D949141B8F19AC00A0121E /* Build configuration list for PBXNativeTarget "DrawingBoardTests" */ = {
			isa = XCConfigurationList;
			buildConfigurations = (
				49D949151B8F19AC00A0121E /* Debug */,
				49D949161B8F19AC00A0121E /* Release */,
			);
			defaultConfigurationIsVisible = 0;
			defaultConfigurationName = Release;
		};
/* End XCConfigurationList section */
	};
	rootObject = 49D948E61B8F19AC00A0121E /* Project object */;
}
